
Microsoft Visual Studio Solution File, Format Version 12.00
# Visual Studio Version 17
VisualStudioVersion = 17.4.33213.308
MinimumVisualStudioVersion = 10.0.40219.1
Project("{FAE04EC0-301F-11D3-BF4B-00C04F79EFBC}") = "sesli-sessiz-ayirma", "sesli-sessiz-ayirma.csproj", "{0E8803CA-D022-4DD9-9CAE-C0114E778924}"
EndProject
Global
	GlobalSection(SolutionConfigurationPlatforms) = preSolution
		Debug|Any CPU = Debug|Any CPU
		Release|Any CPU = Release|Any CPU
	EndGlobalSection
	GlobalSection(ProjectConfigurationPlatforms) = postSolution
		{0E8803CA-D022-4DD9-9CAE-C0114E778924}.Debug|Any CPU.ActiveCfg = Debug|Any CPU
		{0E8803CA-D022-4DD9-9CAE-C0114E778924}.Debug|Any CPU.Build.0 = Debug|Any CPU
		{0E8803CA-D022-4DD9-9CAE-C0114E778924}.Release|Any CPU.ActiveCfg = Release|Any CPU
		{0E8803CA-D022-4DD9-9CAE-C0114E778924}.Release|Any CPU.Build.0 = Release|Any CPU
	EndGlobalSection
	GlobalSection(SolutionProperties) = preSolution
		HideSolutionNode = FALSE
	EndGlobalSection
	GlobalSection(ExtensibilityGlobals) = postSolution
		SolutionGuid = {706EC268-4632-4B6A-9DE7-5C80B5738DC1}
	EndGlobalSection
EndGlobal
